{
  "name": "@nomeyho/countdown-demo",
  "version": "1.0.0",
  "lockfileVersion": 1,
  "requires": true,
  "dependencies": {
    "@nomeyho/countdown": {
      "version": "1.0.1",
      "resolved": "https://registry.npmjs.org/@nomeyho/countdown/-/countdown-1.0.1.tgz",
      "integrity": "sha512-UJCGYHyZeFbmWuT5nXNTipOm6EtgjYnlswQpxgv6M7Oq45jJX4sz4KxnyDla47SOEVmOH5gDOG2tVYfp4+fYbQ=="
    }
  }
}
